// !$*UTF8*$!
{
	archiveVersion = 1;
	classes = {
	};
	objectVersion = 50;
	objects = {

/* Begin PBXBuildFile section */
		9BDE8D73236C6213002FDF6F /* AppDelegate.swift in Sources */ = {isa = PBXBuildFile; fileRef = 9BDE8D72236C6213002FDF6F /* AppDelegate.swift */; };
		9BDE8D75236C6213002FDF6F /* ViewController.swift in Sources */ = {isa = PBXBuildFile; fileRef = 9BDE8D74236C6213002FDF6F /* ViewController.swift */; };
		9BDE8D78236C6213002FDF6F /* Main.storyboard in Resources */ = {isa = PBXBuildFile; fileRef = 9BDE8D76236C6213002FDF6F /* Main.storyboard */; };
		9BDE8D7A236C6215002FDF6F /* Assets.xcassets in Resources */ = {isa = PBXBuildFile; fileRef = 9BDE8D79236C6215002FDF6F /* Assets.xcassets */; };
		9BDE8D7D236C6215002FDF6F /* LaunchScreen.storyboard in Resources */ = {isa = PBXBuildFile; fileRef = 9BDE8D7B236C6215002FDF6F /* LaunchScreen.storyboard */; };
		9BDE8D88236C6215002FDF6F /* calculatorTests.swift in Sources */ = {isa = PBXBuildFile; fileRef = 9BDE8D87236C6215002FDF6F /* calculatorTests.swift */; };
		9BDE8D93236C6216002FDF6F /* calculatorUITests.swift in Sources */ = {isa = PBXBuildFile; fileRef = 9BDE8D92236C6216002FDF6F /* calculatorUITests.swift */; };
/* End PBXBuildFile section */

/* Begin PBXContainerItemProxy section */
		9BDE8D84236C6215002FDF6F /* PBXContainerItemProxy */ = {
			isa = PBXContainerItemProxy;
			containerPortal = 9BDE8D67236C6213002FDF6F /* Project object */;
			proxyType = 1;
			remoteGlobalIDString = 9BDE8D6E236C6213002FDF6F;
			remoteInfo = calculator;
		};
		9BDE8D8F236C6215002FDF6F /* PBXContainerItemProxy */ = {
			isa = PBXContainerItemProxy;
			containerPortal = 9BDE8D67236C6213002FDF6F /* Project object */;
			proxyType = 1;
			remoteGlobalIDString = 9BDE8D6E236C6213002FDF6F;
			remoteInfo = calculator;
		};
/* End PBXContainerItemProxy section */

/* Begin PBXFileReference section */
		9BDE8D6F236C6213002FDF6F /* calculator.app */ = {isa = PBXFileReference; explicitFileType = wrapper.application; includeInIndex = 0; path = calculator.app; sourceTree = BUILT_PRODUCTS_DIR; };
		9BDE8D72236C6213002FDF6F /* AppDelegate.swift */ = {isa = PBXFileReference; lastKnownFileType = sourcecode.swift; path = AppDelegate.swift; sourceTree = "<group>"; };
		9BDE8D74236C6213002FDF6F /* ViewController.swift */ = {isa = PBXFileReference; lastKnownFileType = sourcecode.swift; path = ViewController.swift; sourceTree = "<group>"; };
		9BDE8D77236C6213002FDF6F /* Base */ = {isa = PBXFileReference; lastKnownFileType = file.storyboard; name = Base; path = Base.lproj/Main.storyboard; sourceTree = "<group>"; };
		9BDE8D79236C6215002FDF6F /* Assets.xcassets */ = {isa = PBXFileReference; lastKnownFileType = folder.assetcatalog; path = Assets.xcassets; sourceTree = "<group>"; };
		9BDE8D7C236C6215002FDF6F /* Base */ = {isa = PBXFileReference; lastKnownFileType = file.storyboard; name = Base; path = Base.lproj/LaunchScreen.storyboard; sourceTree = "<group>"; };
		9BDE8D7E236C6215002FDF6F /* Info.plist */ = {isa = PBXFileReference; lastKnownFileType = text.plist.xml; path = Info.plist; sourceTree = "<group>"; };
		9BDE8D83236C6215002FDF6F /* calculatorTests.xctest */ = {isa = PBXFileReference; explicitFileType = wrapper.cfbundle; includeInIndex = 0; path = calculatorTests.xctest; sourceTree = BUILT_PRODUCTS_DIR; };
		9BDE8D87236C6215002FDF6F /* calculatorTests.swift */ = {isa = PBXFileReference; lastKnownFileType = sourcecode.swift; path = calculatorTests.swift; sourceTree = "<group>"; };
		9BDE8D89236C6215002FDF6F /* Info.plist */ = {isa = PBXFileReference; lastKnownFileType = text.plist.xml; path = Info.plist; sourceTree = "<group>"; };
		9BDE8D8E236C6215002FDF6F /* calculatorUITests.xctest */ = {isa = PBXFileReference; explicitFileType = wrapper.cfbundle; includeInIndex = 0; path = calculatorUITests.xctest; sourceTree = BUILT_PRODUCTS_DIR; };
		9BDE8D92236C6216002FDF6F /* calculatorUITests.swift */ = {isa = PBXFileReference; lastKnownFileType = sourcecode.swift; path = calculatorUITests.swift; sourceTree = "<group>"; };
		9BDE8D94236C6216002FDF6F /* Info.plist */ = {isa = PBXFileReference; lastKnownFileType = text.plist.xml; path = Info.plist; sourceTree = "<group>"; };
/* End PBXFileReference section */

/* Begin PBXFrameworksBuildPhase section */
		9BDE8D6C236C6213002FDF6F /* Frameworks */ = {
			isa = PBXFrameworksBuildPhase;
			buildActionMask = 2147483647;
			files = (
			);
			runOnlyForDeploymentPostprocessing = 0;
		};
		9BDE8D80236C6215002FDF6F /* Frameworks */ = {
			isa = PBXFrameworksBuildPhase;
			buildActionMask = 2147483647;
			files = (
			);
			runOnlyForDeploymentPostprocessing = 0;
		};
		9BDE8D8B236C6215002FDF6F /* Frameworks */ = {
			isa = PBXFrameworksBuildPhase;
			buildActionMask = 2147483647;
			files = (
			);
			runOnlyForDeploymentPostprocessing = 0;
		};
/* End PBXFrameworksBuildPhase section */

/* Begin PBXGroup section */
		9BDE8D66236C6213002FDF6F = {
			isa = PBXGroup;
			children = (
				9BDE8D71236C6213002FDF6F /* calculator */,
				9BDE8D86236C6215002FDF6F /* calculatorTests */,
				9BDE8D91236C6215002FDF6F /* calculatorUITests */,
				9BDE8D70236C6213002FDF6F /* Products */,
			);
			sourceTree = "<group>";
		};
		9BDE8D70236C6213002FDF6F /* Products */ = {
			isa = PBXGroup;
			children = (
				9BDE8D6F236C6213002FDF6F /* calculator.app */,
				9BDE8D83236C6215002FDF6F /* calculatorTests.xctest */,
				9BDE8D8E236C6215002FDF6F /* calculatorUITests.xctest */,
			);
			name = Products;
			sourceTree = "<group>";
		};
		9BDE8D71236C6213002FDF6F /* calculator */ = {
			isa = PBXGroup;
			children = (
				9BDE8D72236C6213002FDF6F /* AppDelegate.swift */,
				9BDE8D74236C6213002FDF6F /* ViewController.swift */,
				9BDE8D76236C6213002FDF6F /* Main.storyboard */,
				9BDE8D79236C6215002FDF6F /* Assets.xcassets */,
				9BDE8D7B236C6215002FDF6F /* LaunchScreen.storyboard */,
				9BDE8D7E236C6215002FDF6F /* Info.plist */,
			);
			path = calculator;
			sourceTree = "<group>";
		};
		9BDE8D86236C6215002FDF6F /* calculatorTests */ = {
			isa = PBXGroup;
			children = (
				9BDE8D87236C6215002FDF6F /* calculatorTests.swift */,
				9BDE8D89236C6215002FDF6F /* Info.plist */,
			);
			path = calculatorTests;
			sourceTree = "<group>";
		};
		9BDE8D91236C6215002FDF6F /* calculatorUITests */ = {
			isa = PBXGroup;
			children = (
				9BDE8D92236C6216002FDF6F /* calculatorUITests.swift */,
				9BDE8D94236C6216002FDF6F /* Info.plist */,
			);
			path = calculatorUITests;
			sourceTree = "<group>";
		};
/* End PBXGroup section */

/* Begin PBXNativeTarget section */
		9BDE8D6E236C6213002FDF6F /* calculator */ = {
			isa = PBXNativeTarget;
			buildConfigurationList = 9BDE8D97236C6216002FDF6F /* Build configuration list for PBXNativeTarget "calculator" */;
			buildPhases = (
				9BDE8D6B236C6213002FDF6F /* Sources */,
				9BDE8D6C236C6213002FDF6F /* Frameworks */,
				9BDE8D6D236C6213002FDF6F /* Resources */,
			);
			buildRules = (
			);
			dependencies = (
			);
			name = calculator;
			productName = calculator;
			productReference = 9BDE8D6F236C6213002FDF6F /* calculator.app */;
			productType = "com.apple.product-type.application";
		};
		9BDE8D82236C6215002FDF6F /* calculatorTests */ = {
			isa = PBXNativeTarget;
			buildConfigurationList = 9BDE8D9A236C6216002FDF6F /* Build configuration list for PBXNativeTarget "calculatorTests" */;
			buildPhases = (
				9BDE8D7F236C6215002FDF6F /* Sources */,
				9BDE8D80236C6215002FDF6F /* Frameworks */,
				9BDE8D81236C6215002FDF6F /* Resources */,
			);
			buildRules = (
			);
			dependencies = (
				9BDE8D85236C6215002FDF6F /* PBXTargetDependency */,
			);
			name = calculatorTests;
			productName = calculatorTests;
			productReference = 9BDE8D83236C6215002FDF6F /* calculatorTests.xctest */;
			productType = "com.apple.product-type.bundle.unit-test";
		};
		9BDE8D8D236C6215002FDF6F /* calculatorUITests */ = {
			isa = PBXNativeTarget;
			buildConfigurationList = 9BDE8D9D236C6216002FDF6F /* Build configuration list for PBXNativeTarget "calculatorUITests" */;
			buildPhases = (
				9BDE8D8A236C6215002FDF6F /* Sources */,
				9BDE8D8B236C6215002FDF6F /* Frameworks */,
				9BDE8D8C236C6215002FDF6F /* Resources */,
			);
			buildRules = (
			);
			dependencies = (
				9BDE8D90236C6215002FDF6F /* PBXTargetDependency */,
			);
			name = calculatorUITests;
			productName = calculatorUITests;
			productReference = 9BDE8D8E236C6215002FDF6F /* calculatorUITests.xctest */;
			productType = "com.apple.product-type.bundle.ui-testing";
		};
/* End PBXNativeTarget section */

/* Begin PBXProject section */
		9BDE8D67236C6213002FDF6F /* Project object */ = {
			isa = PBXProject;
			attributes = {
				LastSwiftUpdateCheck = 1030;
				LastUpgradeCheck = 1030;
				ORGANIZATIONNAME = "Parimal Patel";
				TargetAttributes = {
					9BDE8D6E236C6213002FDF6F = {
						CreatedOnToolsVersion = 10.3;
					};
					9BDE8D82236C6215002FDF6F = {
						CreatedOnToolsVersion = 10.3;
						TestTargetID = 9BDE8D6E236C6213002FDF6F;
					};
					9BDE8D8D236C6215002FDF6F = {
						CreatedOnToolsVersion = 10.3;
						TestTargetID = 9BDE8D6E236C6213002FDF6F;
					};
				};
			};
			buildConfigurationList = 9BDE8D6A236C6213002FDF6F /* Build configuration list for PBXProject "calculator" */;
			compatibilityVersion = "Xcode 9.3";
			developmentRegion = en;
			hasScannedForEncodings = 0;
			knownRegions = (
				en,
				Base,
			);
			mainGroup = 9BDE8D66236C6213002FDF6F;
			productRefGroup = 9BDE8D70236C6213002FDF6F /* Products */;
			projectDirPath = "";
			projectRoot = "";
			targets = (
				9BDE8D6E236C6213002FDF6F /* calculator */,
				9BDE8D82236C6215002FDF6F /* calculatorTests */,
				9BDE8D8D236C6215002FDF6F /* calculatorUITests */,
			);
		};
/* End PBXProject section */

/* Begin PBXResourcesBuildPhase section */
		9BDE8D6D236C6213002FDF6F /* Resources */ = {
			isa = PBXResourcesBuildPhase;
			buildActionMask = 2147483647;
			files = (
				9BDE8D7D236C6215002FDF6F /* LaunchScreen.storyboard in Resources */,
				9BDE8D7A236C6215002FDF6F /* Assets.xcassets in Resources */,
				9BDE8D78236C6213002FDF6F /* Main.storyboard in Resources */,
			);
			runOnlyForDeploymentPostprocessing = 0;
		};
		9BDE8D81236C6215002FDF6F /* Resources */ = {
			isa = PBXResourcesBuildPhase;
			buildActionMask = 2147483647;
			files = (
			);
			runOnlyForDeploymentPostprocessing = 0;
		};
		9BDE8D8C236C6215002FDF6F /* Resources */ = {
			isa = PBXResourcesBuildPhase;
			buildActionMask = 2147483647;
			files = (
			);
			runOnlyForDeploymentPostprocessing = 0;
		};
/* End PBXResourcesBuildPhase section */

/* Begin PBXSourcesBuildPhase section */
		9BDE8D6B236C6213002FDF6F /* Sources */ = {
			isa = PBXSourcesBuildPhase;
			buildActionMask = 2147483647;
			files = (
				9BDE8D75236C6213002FDF6F /* ViewController.swift in Sources */,
				9BDE8D73236C6213002FDF6F /* AppDelegate.swift in Sources */,
			);
			runOnlyForDeploymentPostprocessing = 0;
		};
		9BDE8D7F236C6215002FDF6F /* Sources */ = {
			isa = PBXSourcesBuildPhase;
			buildActionMask = 2147483647;
			files = (
				9BDE8D88236C6215002FDF6F /* calculatorTests.swift in Sources */,
			);
			runOnlyForDeploymentPostprocessing = 0;
		};
		9BDE8D8A236C6215002FDF6F /* Sources */ = {
			isa = PBXSourcesBuildPhase;
			buildActionMask = 2147483647;
			files = (
				9BDE8D93236C6216002FDF6F /* calculatorUITests.swift in Sources */,
			);
			runOnlyForDeploymentPostprocessing = 0;
		};
/* End PBXSourcesBuildPhase section */

/* Begin PBXTargetDependency section */
		9BDE8D85236C6215002FDF6F /* PBXTargetDependency */ = {
			isa = PBXTargetDependency;
			target = 9BDE8D6E236C6213002FDF6F /* calculator */;
			targetProxy = 9BDE8D84236C6215002FDF6F /* PBXContainerItemProxy */;
		};
		9BDE8D90236C6215002FDF6F /* PBXTargetDependency */ = {
			isa = PBXTargetDependency;
			target = 9BDE8D6E236C6213002FDF6F /* calculator */;
			targetProxy = 9BDE8D8F236C6215002FDF6F /* PBXContainerItemProxy */;
		};
/* End PBXTargetDependency section */

/* Begin PBXVariantGroup section */
		9BDE8D76236C6213002FDF6F /* Main.storyboard */ = {
			isa = PBXVariantGroup;
			children = (
				9BDE8D77236C6213002FDF6F /* Base */,
			);
			name = Main.storyboard;
			sourceTree = "<group>";
		};
		9BDE8D7B236C6215002FDF6F /* LaunchScreen.storyboard */ = {
			isa = PBXVariantGroup;
			children = (
				9BDE8D7C236C6215002FDF6F /* Base */,
			);
			name = LaunchScreen.storyboard;
			sourceTree = "<group>";
		};
/* End PBXVariantGroup section */

/* Begin XCBuildConfiguration section */
		9BDE8D95236C6216002FDF6F /* Debug */ = {
			isa = XCBuildConfiguration;
			buildSettings = {
				ALWAYS_SEARCH_USER_PATHS = NO;
				CLANG_ANALYZER_NONNULL = YES;
				CLANG_ANALYZER_NUMBER_OBJECT_CONVERSION = YES_AGGRESSIVE;
				CLANG_CXX_LANGUAGE_STANDARD = "gnu++14";
				CLANG_CXX_LIBRARY = "libc++";
				CLANG_ENABLE_MODULES = YES;
				CLANG_ENABLE_OBJC_ARC = YES;
				CLANG_ENABLE_OBJC_WEAK = YES;
				CLANG_WARN_BLOCK_CAPTURE_AUTORELEASING = YES;
				CLANG_WARN_BOOL_CONVERSION = YES;
				CLANG_WARN_COMMA = YES;
				CLANG_WARN_CONSTANT_CONVERSION = YES;
				CLANG_WARN_DEPRECATED_OBJC_IMPLEMENTATIONS = YES;
				CLANG_WARN_DIRECT_OBJC_ISA_USAGE = YES_ERROR;
				CLANG_WARN_DOCUMENTATION_COMMENTS = YES;
				CLANG_WARN_EMPTY_BODY = YES;
				CLANG_WARN_ENUM_CONVERSION = YES;
				CLANG_WARN_INFINITE_RECURSION = YES;
				CLANG_WARN_INT_CONVERSION = YES;
				CLANG_WARN_NON_LITERAL_NULL_CONVERSION = YES;
				CLANG_WARN_OBJC_IMPLICIT_RETAIN_SELF = YES;
				CLANG_WARN_OBJC_LITERAL_CONVERSION = YES;
				CLANG_WARN_OBJC_ROOT_CLASS = YES_ERROR;
				CLANG_WARN_RANGE_LOOP_ANALYSIS = YES;
				CLANG_WARN_STRICT_PROTOTYPES = YES;
				CLANG_WARN_SUSPICIOUS_MOVE = YES;
				CLANG_WARN_UNGUARDED_AVAILABILITY = YES_AGGRESSIVE;
				CLANG_WARN_UNREACHABLE_CODE = YES;
				CLANG_WARN__DUPLICATE_METHOD_MATCH = YES;
				CODE_SIGN_IDENTITY = "iPhone Developer";
				COPY_PHASE_STRIP = NO;
				DEBUG_INFORMATION_FORMAT = dwarf;
				ENABLE_STRICT_OBJC_MSGSEND = YES;
				ENABLE_TESTABILITY = YES;
				GCC_C_LANGUAGE_STANDARD = gnu11;
				GCC_DYNAMIC_NO_PIC = NO;
				GCC_NO_COMMON_BLOCKS = YES;
				GCC_OPTIMIZATION_LEVEL = 0;
				GCC_PREPROCESSOR_DEFINITIONS = (
					"DEBUG=1",
					"$(inherited)",
				);
				GCC_WARN_64_TO_32_BIT_CONVERSION = YES;
				GCC_WARN_ABOUT_RETURN_TYPE = YES_ERROR;
				GCC_WARN_UNDECLARED_SELECTOR = YES;
				GCC_WARN_UNINITIALIZED_AUTOS = YES_AGGRESSIVE;
				GCC_WARN_UNUSED_FUNCTION = YES;
				GCC_WARN_UNUSED_VARIABLE = YES;
				IPHONEOS_DEPLOYMENT_TARGET = 12.4;
				MTL_ENABLE_DEBUG_INFO = INCLUDE_SOURCE;
				MTL_FAST_MATH = YES;
				ONLY_ACTIVE_ARCH = YES;
				SDKROOT = iphoneos;
				SWIFT_ACTIVE_COMPILATION_CONDITIONS = DEBUG;
				SWIFT_OPTIMIZATION_LEVEL = "-Onone";
			};
			name = Debug;
		};
		9BDE8D96236C6216002FDF6F /* Release */ = {
			isa = XCBuildConfiguration;
			buildSettings = {
				ALWAYS_SEARCH_USER_PATHS = NO;
				CLANG_ANALYZER_NONNULL = YES;
				CLANG_ANALYZER_NUMBER_OBJECT_CONVERSION = YES_AGGRESSIVE;
				CLANG_CXX_LANGUAGE_STANDARD = "gnu++14";
				CLANG_CXX_LIBRARY = "libc++";
				CLANG_ENABLE_MODULES = YES;
				CLANG_ENABLE_OBJC_ARC = YES;
				CLANG_ENABLE_OBJC_WEAK = YES;
				CLANG_WARN_BLOCK_CAPTURE_AUTORELEASING = YES;
				CLANG_WARN_BOOL_CONVERSION = YES;
				CLANG_WARN_COMMA = YES;
				CLANG_WARN_CONSTANT_CONVERSION = YES;
				CLANG_WARN_DEPRECATED_OBJC_IMPLEMENTATIONS = YES;
				CLANG_WARN_DIRECT_OBJC_ISA_USAGE = YES_ERROR;
				CLANG_WARN_DOCUMENTATION_COMMENTS = YES;
				CLANG_WARN_EMPTY_BODY = YES;
				CLANG_WARN_ENUM_CONVERSION = YES;
				CLANG_WARN_INFINITE_RECURSION = YES;
				CLANG_WARN_INT_CONVERSION = YES;
				CLANG_WARN_NON_LITERAL_NULL_CONVERSION = YES;
				CLANG_WARN_OBJC_IMPLICIT_RETAIN_SELF = YES;
				CLANG_WARN_OBJC_LITERAL_CONVERSION = YES;
				CLANG_WARN_OBJC_ROOT_CLASS = YES_ERROR;
				CLANG_WARN_RANGE_LOOP_ANALYSIS = YES;
				CLANG_WARN_STRICT_PROTOTYPES = YES;
				CLANG_WARN_SUSPICIOUS_MOVE = YES;
				CLANG_WARN_UNGUARDED_AVAILABILITY = YES_AGGRESSIVE;
				CLANG_WARN_UNREACHABLE_CODE = YES;
				CLANG_WARN__DUPLICATE_METHOD_MATCH = YES;
				CODE_SIGN_IDENTITY = "iPhone Developer";
				COPY_PHASE_STRIP = NO;
				DEBUG_INFORMATION_FORMAT = "dwarf-with-dsym";
				ENABLE_NS_ASSERTIONS = NO;
				ENABLE_STRICT_OBJC_MSGSEND = YES;
				GCC_C_LANGUAGE_STANDARD = gnu11;
				GCC_NO_COMMON_BLOCKS = YES;
				GCC_WARN_64_TO_32_BIT_CONVERSION = YES;
				GCC_WARN_ABOUT_RETURN_TYPE = YES_ERROR;
				GCC_WARN_UNDECLARED_SELECTOR = YES;
				GCC_WARN_UNINITIALIZED_AUTOS = YES_AGGRESSIVE;
				GCC_WARN_UNUSED_FUNCTION = YES;
				GCC_WARN_UNUSED_VARIABLE = YES;
				IPHONEOS_DEPLOYMENT_TARGET = 12.4;
				MTL_ENABLE_DEBUG_INFO = NO;
				MTL_FAST_MATH = YES;
				SDKROOT = iphoneos;
				SWIFT_COMPILATION_MODE = wholemodule;
				SWIFT_OPTIMIZATION_LEVEL = "-O";
				VALIDATE_PRODUCT = YES;
			};
			name = Release;
		};
		9BDE8D98236C6216002FDF6F /* Debug */ = {
			isa = XCBuildConfiguration;
			buildSettings = {
				ASSETCATALOG_COMPILER_APPICON_NAME = AppIcon;
				CODE_SIGN_STYLE = Automatic;
				INFOPLIST_FILE = calculator/Info.plist;
				LD_RUNPATH_SEARCH_PATHS = (
					"$(inherited)",
					"@executable_path/Frameworks",
				);
				PRODUCT_BUNDLE_IDENTIFIER = CestarCollege.calculator;
				PRODUCT_NAME = "$(TARGET_NAME)";
				SWIFT_VERSION = 5.0;
				TARGETED_DEVICE_FAMILY = "1,2";
			};
			name = Debug;
		};
		9BDE8D99236C6216002FDF6F /* Release */ = {
			isa = XCBuildConfiguration;
			buildSettings = {
				ASSETCATALOG_COMPILER_APPICON_NAME = AppIcon;
				CODE_SIGN_STYLE = Automatic;
				INFOPLIST_FILE = calculator/Info.plist;
				LD_RUNPATH_SEARCH_PATHS = (
					"$(inherited)",
					"@executable_path/Frameworks",
				);
				PRODUCT_BUNDLE_IDENTIFIER = CestarCollege.calculator;
				PRODUCT_NAME = "$(TARGET_NAME)";
				SWIFT_VERSION = 5.0;
				TARGETED_DEVICE_FAMILY = "1,2";
			};
			name = Release;
		};
		9BDE8D9B236C6216002FDF6F /* Debug */ = {
			isa = XCBuildConfiguration;
			buildSettings = {
				ALWAYS_EMBED_SWIFT_STANDARD_LIBRARIES = YES;
				BUNDLE_LOADER = "$(TEST_HOST)";
				CODE_SIGN_STYLE = Automatic;
				INFOPLIST_FILE = calculatorTests/Info.plist;
				LD_RUNPATH_SEARCH_PATHS = (
					"$(inherited)",
					"@executable_path/Frameworks",
					"@loader_path/Frameworks",
				);
				PRODUCT_BUNDLE_IDENTIFIER = CestarCollege.calculatorTests;
				PRODUCT_NAME = "$(TARGET_NAME)";
				SWIFT_VERSION = 5.0;
				TARGETED_DEVICE_FAMILY = "1,2";
				TEST_HOST = "$(BUILT_PRODUCTS_DIR)/calculator.app/calculator";
			};
			name = Debug;
		};
		9BDE8D9C236C6216002FDF6F /* Release */ = {
			isa = XCBuildConfiguration;
			buildSettings = {
				ALWAYS_EMBED_SWIFT_STANDARD_LIBRARIES = YES;
				BUNDLE_LOADER = "$(TEST_HOST)";
				CODE_SIGN_STYLE = Automatic;
				INFOPLIST_FILE = calculatorTests/Info.plist;
				LD_RUNPATH_SEARCH_PATHS = (
					"$(inherited)",
					"@executable_path/Frameworks",
					"@loader_path/Frameworks",
				);
				PRODUCT_BUNDLE_IDENTIFIER = CestarCollege.calculatorTests;
				PRODUCT_NAME = "$(TARGET_NAME)";
				SWIFT_VERSION = 5.0;
				TARGETED_DEVICE_FAMILY = "1,2";
				TEST_HOST = "$(BUILT_PRODUCTS_DIR)/calculator.app/calculator";
			};
			name = Release;
		};
		9BDE8D9E236C6216002FDF6F /* Debug */ = {
			isa = XCBuildConfiguration;
			buildSettings = {
				ALWAYS_EMBED_SWIFT_STANDARD_LIBRARIES = YES;
				CODE_SIGN_STYLE = Automatic;
				INFOPLIST_FILE = calculatorUITests/Info.plist;
				LD_RUNPATH_SEARCH_PATHS = (
					"$(inherited)",
					"@executable_path/Frameworks",
					"@loader_path/Frameworks",
				);
				PRODUCT_BUNDLE_IDENTIFIER = CestarCollege.calculatorUITests;
				PRODUCT_NAME = "$(TARGET_NAME)";
				SWIFT_VERSION = 5.0;
				TARGETED_DEVICE_FAMILY = "1,2";
				TEST_TARGET_NAME = calculator;
			};
			name = Debug;
		};
		9BDE8D9F236C6216002FDF6F /* Release */ = {
			isa = XCBuildConfiguration;
			buildSettings = {
				ALWAYS_EMBED_SWIFT_STANDARD_LIBRARIES = YES;
				CODE_SIGN_STYLE = Automatic;
				INFOPLIST_FILE = calculatorUITests/Info.plist;
				LD_RUNPATH_SEARCH_PATHS = (
					"$(inherited)",
					"@executable_path/Frameworks",
					"@loader_path/Frameworks",
				);
				PRODUCT_BUNDLE_IDENTIFIER = CestarCollege.calculatorUITests;
				PRODUCT_NAME = "$(TARGET_NAME)";
				SWIFT_VERSION = 5.0;
				TARGETED_DEVICE_FAMILY = "1,2";
				TEST_TARGET_NAME = calculator;
			};
			name = Release;
		};
/* End XCBuildConfiguration section */

/* Begin XCConfigurationList section */
		9BDE8D6A236C6213002FDF6F /* Build configuration list for PBXProject "calculator" */ = {
			isa = XCConfigurationList;
			buildConfigurations = (
				9BDE8D95236C6216002FDF6F /* Debug */,
				9BDE8D96236C6216002FDF6F /* Release */,
			);
			defaultConfigurationIsVisible = 0;
			defaultConfigurationName = Release;
		};
		9BDE8D97236C6216002FDF6F /* Build configuration list for PBXNativeTarget "calculator" */ = {
			isa = XCConfigurationList;
			buildConfigurations = (
				9BDE8D98236C6216002FDF6F /* Debug */,
				9BDE8D99236C6216002FDF6F /* Release */,
			);
			defaultConfigurationIsVisible = 0;
			defaultConfigurationName = Release;
		};
		9BDE8D9A236C6216002FDF6F /* Build configuration list for PBXNativeTarget "calculatorTests" */ = {
			isa = XCConfigurationList;
			buildConfigurations = (
				9BDE8D9B236C6216002FDF6F /* Debug */,
				9BDE8D9C236C6216002FDF6F /* Release */,
			);
			defaultConfigurationIsVisible = 0;
			defaultConfigurationName = Release;
		};
		9BDE8D9D236C6216002FDF6F /* Build configuration list for PBXNativeTarget "calculatorUITests" */ = {
			isa = XCConfigurationList;
			buildConfigurations = (
				9BDE8D9E236C6216002FDF6F /* Debug */,
				9BDE8D9F236C6216002FDF6F /* Release */,
			);
			defaultConfigurationIsVisible = 0;
			defaultConfigurationName = Release;
		};
/* End XCConfigurationList section */
	};
	rootObject = 9BDE8D67236C6213002FDF6F /* Project object */;
}
